
Microsoft Visual Studio Solution File, Format Version 12.00
# Visual Studio 15
VisualStudioVersion = 15.0.28307.902
MinimumVisualStudioVersion = 10.0.40219.1
Project("{FAE04EC0-301F-11D3-BF4B-00C04F79EFBC}") = "Weltschmerz", "Weltschmerz.csproj", "{191A4B4E-2446-4C99-AE1A-68ACDA6EDE38}"
EndProject
Global
	GlobalSection(SolutionConfigurationPlatforms) = preSolution
		Debug|Any CPU = Debug|Any CPU
		Release|Any CPU = Release|Any CPU
	EndGlobalSection
	GlobalSection(ProjectConfigurationPlatforms) = postSolution
		{191A4B4E-2446-4C99-AE1A-68ACDA6EDE38}.Debug|Any CPU.ActiveCfg = Debug|Any CPU
		{191A4B4E-2446-4C99-AE1A-68ACDA6EDE38}.Debug|Any CPU.Build.0 = Debug|Any CPU
		{191A4B4E-2446-4C99-AE1A-68ACDA6EDE38}.Release|Any CPU.ActiveCfg = Release|Any CPU
		{191A4B4E-2446-4C99-AE1A-68ACDA6EDE38}.Release|Any CPU.Build.0 = Release|Any CPU
	EndGlobalSection
	GlobalSection(SolutionProperties) = preSolution
		HideSolutionNode = FALSE
	EndGlobalSection
	GlobalSection(ExtensibilityGlobals) = postSolution
		SolutionGuid = {3756B1C6-5CDF-46CB-A19D-BA8B0DDD4EBD}
	EndGlobalSection
EndGlobal
